// !$*UTF8*$!
{
	archiveVersion = 1;
	classes = {
	};
	objectVersion = 46;
	objects = {

/* Begin PBXBuildFile section */
		C50520A61B1B861900F98CAA /* AppDelegate.swift in Sources */ = {isa = PBXBuildFile; fileRef = C50520A51B1B861900F98CAA /* AppDelegate.swift */; };
		C50520A91B1B861900F98CAA /* SapaGuide.xcdatamodeld in Sources */ = {isa = PBXBuildFile; fileRef = C50520A71B1B861900F98CAA /* SapaGuide.xcdatamodeld */; };
		C50520AB1B1B861900F98CAA /* ViewController.swift in Sources */ = {isa = PBXBuildFile; fileRef = C50520AA1B1B861900F98CAA /* ViewController.swift */; };
		C50520AE1B1B861900F98CAA /* Main.storyboard in Resources */ = {isa = PBXBuildFile; fileRef = C50520AC1B1B861900F98CAA /* Main.storyboard */; };
		C50520B01B1B861900F98CAA /* Images.xcassets in Resources */ = {isa = PBXBuildFile; fileRef = C50520AF1B1B861900F98CAA /* Images.xcassets */; };
		C50520B31B1B861900F98CAA /* LaunchScreen.xib in Resources */ = {isa = PBXBuildFile; fileRef = C50520B11B1B861900F98CAA /* LaunchScreen.xib */; };
		C50520BF1B1B861900F98CAA /* SapaGuideTests.swift in Sources */ = {isa = PBXBuildFile; fileRef = C50520BE1B1B861900F98CAA /* SapaGuideTests.swift */; };
		C50520C91B1C8ED600F98CAA /* iAd.framework in Frameworks */ = {isa = PBXBuildFile; fileRef = C50520C81B1C8ED600F98CAA /* iAd.framework */; };
/* End PBXBuildFile section */

/* Begin PBXContainerItemProxy section */
		C50520B91B1B861900F98CAA /* PBXContainerItemProxy */ = {
			isa = PBXContainerItemProxy;
			containerPortal = C50520981B1B861900F98CAA /* Project object */;
			proxyType = 1;
			remoteGlobalIDString = C505209F1B1B861900F98CAA;
			remoteInfo = SapaGuide;
		};
/* End PBXContainerItemProxy section */

/* Begin PBXFileReference section */
		C50520A01B1B861900F98CAA /* SapaGuide.app */ = {isa = PBXFileReference; explicitFileType = wrapper.application; includeInIndex = 0; path = SapaGuide.app; sourceTree = BUILT_PRODUCTS_DIR; };
		C50520A41B1B861900F98CAA /* Info.plist */ = {isa = PBXFileReference; lastKnownFileType = text.plist.xml; path = Info.plist; sourceTree = "<group>"; };
		C50520A51B1B861900F98CAA /* AppDelegate.swift */ = {isa = PBXFileReference; lastKnownFileType = sourcecode.swift; path = AppDelegate.swift; sourceTree = "<group>"; };
		C50520A81B1B861900F98CAA /* SapaGuide.xcdatamodel */ = {isa = PBXFileReference; lastKnownFileType = wrapper.xcdatamodel; path = SapaGuide.xcdatamodel; sourceTree = "<group>"; };
		C50520AA1B1B861900F98CAA /* ViewController.swift */ = {isa = PBXFileReference; lastKnownFileType = sourcecode.swift; path = ViewController.swift; sourceTree = "<group>"; };
		C50520AD1B1B861900F98CAA /* Base */ = {isa = PBXFileReference; lastKnownFileType = file.storyboard; name = Base; path = Base.lproj/Main.storyboard; sourceTree = "<group>"; };
		C50520AF1B1B861900F98CAA /* Images.xcassets */ = {isa = PBXFileReference; lastKnownFileType = folder.assetcatalog; path = Images.xcassets; sourceTree = "<group>"; };
		C50520B21B1B861900F98CAA /* Base */ = {isa = PBXFileReference; lastKnownFileType = file.xib; name = Base; path = Base.lproj/LaunchScreen.xib; sourceTree = "<group>"; };
		C50520B81B1B861900F98CAA /* SapaGuideTests.xctest */ = {isa = PBXFileReference; explicitFileType = wrapper.cfbundle; includeInIndex = 0; path = SapaGuideTests.xctest; sourceTree = BUILT_PRODUCTS_DIR; };
		C50520BD1B1B861900F98CAA /* Info.plist */ = {isa = PBXFileReference; lastKnownFileType = text.plist.xml; path = Info.plist; sourceTree = "<group>"; };
		C50520BE1B1B861900F98CAA /* SapaGuideTests.swift */ = {isa = PBXFileReference; lastKnownFileType = sourcecode.swift; path = SapaGuideTests.swift; sourceTree = "<group>"; };
		C50520C81B1C8ED600F98CAA /* iAd.framework */ = {isa = PBXFileReference; lastKnownFileType = wrapper.framework; name = iAd.framework; path = System/Library/Frameworks/iAd.framework; sourceTree = SDKROOT; };
/* End PBXFileReference section */

/* Begin PBXFrameworksBuildPhase section */
		C505209D1B1B861900F98CAA /* Frameworks */ = {
			isa = PBXFrameworksBuildPhase;
			buildActionMask = 2147483647;
			files = (
				C50520C91B1C8ED600F98CAA /* iAd.framework in Frameworks */,
			);
			runOnlyForDeploymentPostprocessing = 0;
		};
		C50520B51B1B861900F98CAA /* Frameworks */ = {
			isa = PBXFrameworksBuildPhase;
			buildActionMask = 2147483647;
			files = (
			);
			runOnlyForDeploymentPostprocessing = 0;
		};
/* End PBXFrameworksBuildPhase section */

/* Begin PBXGroup section */
		C50520971B1B861900F98CAA = {
			isa = PBXGroup;
			children = (
				C50520C81B1C8ED600F98CAA /* iAd.framework */,
				C50520A21B1B861900F98CAA /* SapaGuide */,
				C50520BB1B1B861900F98CAA /* SapaGuideTests */,
				C50520A11B1B861900F98CAA /* Products */,
			);
			sourceTree = "<group>";
		};
		C50520A11B1B861900F98CAA /* Products */ = {
			isa = PBXGroup;
			children = (
				C50520A01B1B861900F98CAA /* SapaGuide.app */,
				C50520B81B1B861900F98CAA /* SapaGuideTests.xctest */,
			);
			name = Products;
			sourceTree = "<group>";
		};
		C50520A21B1B861900F98CAA /* SapaGuide */ = {
			isa = PBXGroup;
			children = (
				C50520AA1B1B861900F98CAA /* ViewController.swift */,
				C50520AC1B1B861900F98CAA /* Main.storyboard */,
				C50520A31B1B861900F98CAA /* Supporting Files */,
			);
			path = SapaGuide;
			sourceTree = "<group>";
		};
		C50520A31B1B861900F98CAA /* Supporting Files */ = {
			isa = PBXGroup;
			children = (
				C50520AF1B1B861900F98CAA /* Images.xcassets */,
				C50520B11B1B861900F98CAA /* LaunchScreen.xib */,
				C50520A51B1B861900F98CAA /* AppDelegate.swift */,
				C50520A71B1B861900F98CAA /* SapaGuide.xcdatamodeld */,
				C50520A41B1B861900F98CAA /* Info.plist */,
			);
			name = "Supporting Files";
			sourceTree = "<group>";
		};
		C50520BB1B1B861900F98CAA /* SapaGuideTests */ = {
			isa = PBXGroup;
			children = (
				C50520BE1B1B861900F98CAA /* SapaGuideTests.swift */,
				C50520BC1B1B861900F98CAA /* Supporting Files */,
			);
			path = SapaGuideTests;
			sourceTree = "<group>";
		};
		C50520BC1B1B861900F98CAA /* Supporting Files */ = {
			isa = PBXGroup;
			children = (
				C50520BD1B1B861900F98CAA /* Info.plist */,
			);
			name = "Supporting Files";
			sourceTree = "<group>";
		};
/* End PBXGroup section */

/* Begin PBXNativeTarget section */
		C505209F1B1B861900F98CAA /* SapaGuide */ = {
			isa = PBXNativeTarget;
			buildConfigurationList = C50520C21B1B861900F98CAA /* Build configuration list for PBXNativeTarget "SapaGuide" */;
			buildPhases = (
				C505209C1B1B861900F98CAA /* Sources */,
				C505209D1B1B861900F98CAA /* Frameworks */,
				C505209E1B1B861900F98CAA /* Resources */,
			);
			buildRules = (
			);
			dependencies = (
			);
			name = SapaGuide;
			productName = SapaGuide;
			productReference = C50520A01B1B861900F98CAA /* SapaGuide.app */;
			productType = "com.apple.product-type.application";
		};
		C50520B71B1B861900F98CAA /* SapaGuideTests */ = {
			isa = PBXNativeTarget;
			buildConfigurationList = C50520C51B1B861900F98CAA /* Build configuration list for PBXNativeTarget "SapaGuideTests" */;
			buildPhases = (
				C50520B41B1B861900F98CAA /* Sources */,
				C50520B51B1B861900F98CAA /* Frameworks */,
				C50520B61B1B861900F98CAA /* Resources */,
			);
			buildRules = (
			);
			dependencies = (
				C50520BA1B1B861900F98CAA /* PBXTargetDependency */,
			);
			name = SapaGuideTests;
			productName = SapaGuideTests;
			productReference = C50520B81B1B861900F98CAA /* SapaGuideTests.xctest */;
			productType = "com.apple.product-type.bundle.unit-test";
		};
/* End PBXNativeTarget section */

/* Begin PBXProject section */
		C50520981B1B861900F98CAA /* Project object */ = {
			isa = PBXProject;
			attributes = {
				LastUpgradeCheck = 0630;
				ORGANIZATIONNAME = "Long Do Hai";
				TargetAttributes = {
					C505209F1B1B861900F98CAA = {
						CreatedOnToolsVersion = 6.3.2;
						DevelopmentTeam = YCQCF8ZHK5;
					};
					C50520B71B1B861900F98CAA = {
						CreatedOnToolsVersion = 6.3.2;
						TestTargetID = C505209F1B1B861900F98CAA;
					};
				};
			};
			buildConfigurationList = C505209B1B1B861900F98CAA /* Build configuration list for PBXProject "SapaGuide" */;
			compatibilityVersion = "Xcode 3.2";
			developmentRegion = English;
			hasScannedForEncodings = 0;
			knownRegions = (
				en,
				Base,
			);
			mainGroup = C50520971B1B861900F98CAA;
			productRefGroup = C50520A11B1B861900F98CAA /* Products */;
			projectDirPath = "";
			projectRoot = "";
			targets = (
				C505209F1B1B861900F98CAA /* SapaGuide */,
				C50520B71B1B861900F98CAA /* SapaGuideTests */,
			);
		};
/* End PBXProject section */

/* Begin PBXResourcesBuildPhase section */
		C505209E1B1B861900F98CAA /* Resources */ = {
			isa = PBXResourcesBuildPhase;
			buildActionMask = 2147483647;
			files = (
				C50520AE1B1B861900F98CAA /* Main.storyboard in Resources */,
				C50520B31B1B861900F98CAA /* LaunchScreen.xib in Resources */,
				C50520B01B1B861900F98CAA /* Images.xcassets in Resources */,
			);
			runOnlyForDeploymentPostprocessing = 0;
		};
		C50520B61B1B861900F98CAA /* Resources */ = {
			isa = PBXResourcesBuildPhase;
			buildActionMask = 2147483647;
			files = (
			);
			runOnlyForDeploymentPostprocessing = 0;
		};
/* End PBXResourcesBuildPhase section */

/* Begin PBXSourcesBuildPhase section */
		C505209C1B1B861900F98CAA /* Sources */ = {
			isa = PBXSourcesBuildPhase;
			buildActionMask = 2147483647;
			files = (
				C50520AB1B1B861900F98CAA /* ViewController.swift in Sources */,
				C50520A61B1B861900F98CAA /* AppDelegate.swift in Sources */,
				C50520A91B1B861900F98CAA /* SapaGuide.xcdatamodeld in Sources */,
			);
			runOnlyForDeploymentPostprocessing = 0;
		};
		C50520B41B1B861900F98CAA /* Sources */ = {
			isa = PBXSourcesBuildPhase;
			buildActionMask = 2147483647;
			files = (
				C50520BF1B1B861900F98CAA /* SapaGuideTests.swift in Sources */,
			);
			runOnlyForDeploymentPostprocessing = 0;
		};
/* End PBXSourcesBuildPhase section */

/* Begin PBXTargetDependency section */
		C50520BA1B1B861900F98CAA /* PBXTargetDependency */ = {
			isa = PBXTargetDependency;
			target = C505209F1B1B861900F98CAA /* SapaGuide */;
			targetProxy = C50520B91B1B861900F98CAA /* PBXContainerItemProxy */;
		};
/* End PBXTargetDependency section */

/* Begin PBXVariantGroup section */
		C50520AC1B1B861900F98CAA /* Main.storyboard */ = {
			isa = PBXVariantGroup;
			children = (
				C50520AD1B1B861900F98CAA /* Base */,
			);
			name = Main.storyboard;
			sourceTree = "<group>";
		};
		C50520B11B1B861900F98CAA /* LaunchScreen.xib */ = {
			isa = PBXVariantGroup;
			children = (
				C50520B21B1B861900F98CAA /* Base */,
			);
			name = LaunchScreen.xib;
			sourceTree = "<group>";
		};
/* End PBXVariantGroup section */

/* Begin XCBuildConfiguration section */
		C50520C01B1B861900F98CAA /* Debug */ = {
			isa = XCBuildConfiguration;
			buildSettings = {
				ALWAYS_SEARCH_USER_PATHS = NO;
				CLANG_CXX_LANGUAGE_STANDARD = "gnu++0x";
				CLANG_CXX_LIBRARY = "libc++";
				CLANG_ENABLE_MODULES = YES;
				CLANG_ENABLE_OBJC_ARC = YES;
				CLANG_WARN_BOOL_CONVERSION = YES;
				CLANG_WARN_CONSTANT_CONVERSION = YES;
				CLANG_WARN_DIRECT_OBJC_ISA_USAGE = YES_ERROR;
				CLANG_WARN_EMPTY_BODY = YES;
				CLANG_WARN_ENUM_CONVERSION = YES;
				CLANG_WARN_INT_CONVERSION = YES;
				CLANG_WARN_OBJC_ROOT_CLASS = YES_ERROR;
				CLANG_WARN_UNREACHABLE_CODE = YES;
				CLANG_WARN__DUPLICATE_METHOD_MATCH = YES;
				"CODE_SIGN_IDENTITY[sdk=iphoneos*]" = "iPhone Developer";
				COPY_PHASE_STRIP = NO;
				DEBUG_INFORMATION_FORMAT = "dwarf-with-dsym";
				ENABLE_STRICT_OBJC_MSGSEND = YES;
				GCC_C_LANGUAGE_STANDARD = gnu99;
				GCC_DYNAMIC_NO_PIC = NO;
				GCC_NO_COMMON_BLOCKS = YES;
				GCC_OPTIMIZATION_LEVEL = 0;
				GCC_PREPROCESSOR_DEFINITIONS = (
					"DEBUG=1",
					"$(inherited)",
				);
				GCC_SYMBOLS_PRIVATE_EXTERN = NO;
				GCC_WARN_64_TO_32_BIT_CONVERSION = YES;
				GCC_WARN_ABOUT_RETURN_TYPE = YES_ERROR;
				GCC_WARN_UNDECLARED_SELECTOR = YES;
				GCC_WARN_UNINITIALIZED_AUTOS = YES_AGGRESSIVE;
				GCC_WARN_UNUSED_FUNCTION = YES;
				GCC_WARN_UNUSED_VARIABLE = YES;
				IPHONEOS_DEPLOYMENT_TARGET = 8.3;
				MTL_ENABLE_DEBUG_INFO = YES;
				ONLY_ACTIVE_ARCH = YES;
				SDKROOT = iphoneos;
				SWIFT_OPTIMIZATION_LEVEL = "-Onone";
				TARGETED_DEVICE_FAMILY = "1,2";
			};
			name = Debug;
		};
		C50520C11B1B861900F98CAA /* Release */ = {
			isa = XCBuildConfiguration;
			buildSettings = {
				ALWAYS_SEARCH_USER_PATHS = NO;
				CLANG_CXX_LANGUAGE_STANDARD = "gnu++0x";
				CLANG_CXX_LIBRARY = "libc++";
				CLANG_ENABLE_MODULES = YES;
				CLANG_ENABLE_OBJC_ARC = YES;
				CLANG_WARN_BOOL_CONVERSION = YES;
				CLANG_WARN_CONSTANT_CONVERSION = YES;
				CLANG_WARN_DIRECT_OBJC_ISA_USAGE = YES_ERROR;
				CLANG_WARN_EMPTY_BODY = YES;
				CLANG_WARN_ENUM_CONVERSION = YES;
				CLANG_WARN_INT_CONVERSION = YES;
				CLANG_WARN_OBJC_ROOT_CLASS = YES_ERROR;
				CLANG_WARN_UNREACHABLE_CODE = YES;
				CLANG_WARN__DUPLICATE_METHOD_MATCH = YES;
				"CODE_SIGN_IDENTITY[sdk=iphoneos*]" = "iPhone Developer";
				COPY_PHASE_STRIP = NO;
				DEBUG_INFORMATION_FORMAT = "dwarf-with-dsym";
				ENABLE_NS_ASSERTIONS = NO;
				ENABLE_STRICT_OBJC_MSGSEND = YES;
				GCC_C_LANGUAGE_STANDARD = gnu99;
				GCC_NO_COMMON_BLOCKS = YES;
				GCC_WARN_64_TO_32_BIT_CONVERSION = YES;
				GCC_WARN_ABOUT_RETURN_TYPE = YES_ERROR;
				GCC_WARN_UNDECLARED_SELECTOR = YES;
				GCC_WARN_UNINITIALIZED_AUTOS = YES_AGGRESSIVE;
				GCC_WARN_UNUSED_FUNCTION = YES;
				GCC_WARN_UNUSED_VARIABLE = YES;
				IPHONEOS_DEPLOYMENT_TARGET = 8.3;
				MTL_ENABLE_DEBUG_INFO = NO;
				SDKROOT = iphoneos;
				TARGETED_DEVICE_FAMILY = "1,2";
				VALIDATE_PRODUCT = YES;
			};
			name = Release;
		};
		C50520C31B1B861900F98CAA /* Debug */ = {
			isa = XCBuildConfiguration;
			buildSettings = {
				ASSETCATALOG_COMPILER_APPICON_NAME = AppIcon;
				ASSETCATALOG_COMPILER_LAUNCHIMAGE_NAME = LaunchImage;
				CODE_SIGN_IDENTITY = "iPhone Developer";
				INFOPLIST_FILE = SapaGuide/Info.plist;
				IPHONEOS_DEPLOYMENT_TARGET = 7.0;
				LD_RUNPATH_SEARCH_PATHS = "$(inherited) @executable_path/Frameworks";
				PRODUCT_NAME = "$(TARGET_NAME)";
			};
			name = Debug;
		};
		C50520C41B1B861900F98CAA /* Release */ = {
			isa = XCBuildConfiguration;
			buildSettings = {
				ASSETCATALOG_COMPILER_APPICON_NAME = AppIcon;
				ASSETCATALOG_COMPILER_LAUNCHIMAGE_NAME = LaunchImage;
				CODE_SIGN_IDENTITY = "iPhone Developer";
				INFOPLIST_FILE = SapaGuide/Info.plist;
				IPHONEOS_DEPLOYMENT_TARGET = 7.0;
				LD_RUNPATH_SEARCH_PATHS = "$(inherited) @executable_path/Frameworks";
				PRODUCT_NAME = "$(TARGET_NAME)";
			};
			name = Release;
		};
		C50520C61B1B861900F98CAA /* Debug */ = {
			isa = XCBuildConfiguration;
			buildSettings = {
				BUNDLE_LOADER = "$(TEST_HOST)";
				FRAMEWORK_SEARCH_PATHS = (
					"$(SDKROOT)/Developer/Library/Frameworks",
					"$(inherited)",
				);
				GCC_PREPROCESSOR_DEFINITIONS = (
					"DEBUG=1",
					"$(inherited)",
				);
				INFOPLIST_FILE = SapaGuideTests/Info.plist;
				LD_RUNPATH_SEARCH_PATHS = "$(inherited) @executable_path/Frameworks @loader_path/Frameworks";
				PRODUCT_NAME = "$(TARGET_NAME)";
				TEST_HOST = "$(BUILT_PRODUCTS_DIR)/SapaGuide.app/SapaGuide";
			};
			name = Debug;
		};
		C50520C71B1B861900F98CAA /* Release */ = {
			isa = XCBuildConfiguration;
			buildSettings = {
				BUNDLE_LOADER = "$(TEST_HOST)";
				FRAMEWORK_SEARCH_PATHS = (
					"$(SDKROOT)/Developer/Library/Frameworks",
					"$(inherited)",
				);
				INFOPLIST_FILE = SapaGuideTests/Info.plist;
				LD_RUNPATH_SEARCH_PATHS = "$(inherited) @executable_path/Frameworks @loader_path/Frameworks";
				PRODUCT_NAME = "$(TARGET_NAME)";
				TEST_HOST = "$(BUILT_PRODUCTS_DIR)/SapaGuide.app/SapaGuide";
			};
			name = Release;
		};
/* End XCBuildConfiguration section */

/* Begin XCConfigurationList section */
		C505209B1B1B861900F98CAA /* Build configuration list for PBXProject "SapaGuide" */ = {
			isa = XCConfigurationList;
			buildConfigurations = (
				C50520C01B1B861900F98CAA /* Debug */,
				C50520C11B1B861900F98CAA /* Release */,
			);
			defaultConfigurationIsVisible = 0;
			defaultConfigurationName = Release;
		};
		C50520C21B1B861900F98CAA /* Build configuration list for PBXNativeTarget "SapaGuide" */ = {
			isa = XCConfigurationList;
			buildConfigurations = (
				C50520C31B1B861900F98CAA /* Debug */,
				C50520C41B1B861900F98CAA /* Release */,
			);
			defaultConfigurationIsVisible = 0;
		};
		C50520C51B1B861900F98CAA /* Build configuration list for PBXNativeTarget "SapaGuideTests" */ = {
			isa = XCConfigurationList;
			buildConfigurations = (
				C50520C61B1B861900F98CAA /* Debug */,
				C50520C71B1B861900F98CAA /* Release */,
			);
			defaultConfigurationIsVisible = 0;
		};
/* End XCConfigurationList section */

/* Begin XCVersionGroup section */
		C50520A71B1B861900F98CAA /* SapaGuide.xcdatamodeld */ = {
			isa = XCVersionGroup;
			children = (
				C50520A81B1B861900F98CAA /* SapaGuide.xcdatamodel */,
			);
			currentVersion = C50520A81B1B861900F98CAA /* SapaGuide.xcdatamodel */;
			path = SapaGuide.xcdatamodeld;
			sourceTree = "<group>";
			versionGroupType = wrapper.xcdatamodel;
		};
/* End XCVersionGroup section */
	};
	rootObject = C50520981B1B861900F98CAA /* Project object */;
}
